// !$*UTF8*$!
{
	archiveVersion = 1;
	classes = {
	};
	objectVersion = 56;
	objects = {

/* Begin PBXBuildFile section */
		332E29C92AAB27F600C21409 /* Env.swift in Sources */ = {isa = PBXBuildFile; fileRef = 332E29C82AAB27F600C21409 /* Env.swift */; };
		333646DF2AA597C900C37275 /* AppDelegate.swift in Sources */ = {isa = PBXBuildFile; fileRef = 333646DE2AA597C900C37275 /* AppDelegate.swift */; };
		333646E12AA597C900C37275 /* SceneDelegate.swift in Sources */ = {isa = PBXBuildFile; fileRef = 333646E02AA597C900C37275 /* SceneDelegate.swift */; };
		333646E32AA597C900C37275 /* RootViewController.swift in Sources */ = {isa = PBXBuildFile; fileRef = 333646E22AA597C900C37275 /* RootViewController.swift */; };
		333646E82AA597CA00C37275 /* Assets.xcassets in Resources */ = {isa = PBXBuildFile; fileRef = 333646E72AA597CA00C37275 /* Assets.xcassets */; };
		333646EB2AA597CA00C37275 /* LaunchScreen.storyboard in Resources */ = {isa = PBXBuildFile; fileRef = 333646E92AA597CA00C37275 /* LaunchScreen.storyboard */; };
		333646FB2AA5A8B200C37275 /* TypedViewController.swift in Sources */ = {isa = PBXBuildFile; fileRef = 333646FA2AA5A8B200C37275 /* TypedViewController.swift */; };
		333646FD2AA5A8E200C37275 /* RootView.swift in Sources */ = {isa = PBXBuildFile; fileRef = 333646FC2AA5A8E200C37275 /* RootView.swift */; };
		333646FF2AA5A9D700C37275 /* SignInViewController.swift in Sources */ = {isa = PBXBuildFile; fileRef = 333646FE2AA5A9D700C37275 /* SignInViewController.swift */; };
		333647022AA5A9F500C37275 /* SignInView.swift in Sources */ = {isa = PBXBuildFile; fileRef = 333647012AA5A9F500C37275 /* SignInView.swift */; };
		333647052AA5AB1900C37275 /* SignUpView.swift in Sources */ = {isa = PBXBuildFile; fileRef = 333647042AA5AB1900C37275 /* SignUpView.swift */; };
		333647082AA5AB5C00C37275 /* SignUpViewController.swift in Sources */ = {isa = PBXBuildFile; fileRef = 333647072AA5AB5C00C37275 /* SignUpViewController.swift */; };
		3336470B2AA5AB8B00C37275 /* APIService.swift in Sources */ = {isa = PBXBuildFile; fileRef = 3336470A2AA5AB8B00C37275 /* APIService.swift */; };
		3336470D2AA5AB9C00C37275 /* AuthService.swift in Sources */ = {isa = PBXBuildFile; fileRef = 3336470C2AA5AB9C00C37275 /* AuthService.swift */; };
		333647102AA5ABD500C37275 /* HomeView.swift in Sources */ = {isa = PBXBuildFile; fileRef = 3336470F2AA5ABD500C37275 /* HomeView.swift */; };
		333647122AA5ABEC00C37275 /* HomeViewController.swift in Sources */ = {isa = PBXBuildFile; fileRef = 333647112AA5ABEC00C37275 /* HomeViewController.swift */; };
		333647162AA5AC5B00C37275 /* DetailView.swift in Sources */ = {isa = PBXBuildFile; fileRef = 333647152AA5AC5B00C37275 /* DetailView.swift */; };
		333647182AA5AC6B00C37275 /* ProfileView.swift in Sources */ = {isa = PBXBuildFile; fileRef = 333647172AA5AC6B00C37275 /* ProfileView.swift */; };
		3336471A2AA5AD8300C37275 /* DetailViewController.swift in Sources */ = {isa = PBXBuildFile; fileRef = 333647192AA5AD8300C37275 /* DetailViewController.swift */; };
		3336471C2AA5AD9100C37275 /* ProfileViewController.swift in Sources */ = {isa = PBXBuildFile; fileRef = 3336471B2AA5AD9100C37275 /* ProfileViewController.swift */; };
		3336471F2AA5AF9000C37275 /* WeakRef.swift in Sources */ = {isa = PBXBuildFile; fileRef = 3336471E2AA5AF9000C37275 /* WeakRef.swift */; };
		333647212AA5AFAC00C37275 /* Publishable.swift in Sources */ = {isa = PBXBuildFile; fileRef = 333647202AA5AFAC00C37275 /* Publishable.swift */; };
		333647232AA5AFC300C37275 /* EventBus.swift in Sources */ = {isa = PBXBuildFile; fileRef = 333647222AA5AFC300C37275 /* EventBus.swift */; };
		333647262AA5AFD600C37275 /* Storage.swift in Sources */ = {isa = PBXBuildFile; fileRef = 333647252AA5AFD600C37275 /* Storage.swift */; };
		333647292AA5AFF200C37275 /* UserDefaultsStorage.swift in Sources */ = {isa = PBXBuildFile; fileRef = 333647282AA5AFF200C37275 /* UserDefaultsStorage.swift */; };
		3336472B2AA5B05E00C37275 /* Identifier.swift in Sources */ = {isa = PBXBuildFile; fileRef = 3336472A2AA5B05E00C37275 /* Identifier.swift */; };
		3336472F2AA5B0D100C37275 /* UserModel.swift in Sources */ = {isa = PBXBuildFile; fileRef = 3336472E2AA5B0D100C37275 /* UserModel.swift */; };
		333647312AA5B0D800C37275 /* User.swift in Sources */ = {isa = PBXBuildFile; fileRef = 333647302AA5B0D800C37275 /* User.swift */; };
		333647392AA6E7E700C37275 /* YoutubeService.swift in Sources */ = {isa = PBXBuildFile; fileRef = 333647382AA6E7E700C37275 /* YoutubeService.swift */; };
		3336473B2AA6E9B000C37275 /* YoutubeVideoListResponseModel.swift in Sources */ = {isa = PBXBuildFile; fileRef = 3336473A2AA6E9B000C37275 /* YoutubeVideoListResponseModel.swift */; };
		3336473D2AA6EAB700C37275 /* YoutubePageInfoModel.swift in Sources */ = {isa = PBXBuildFile; fileRef = 3336473C2AA6EAB700C37275 /* YoutubePageInfoModel.swift */; };
		333647402AA6EB0B00C37275 /* YoutubeVideoModel.swift in Sources */ = {isa = PBXBuildFile; fileRef = 3336473F2AA6EB0B00C37275 /* YoutubeVideoModel.swift */; };
		333647422AA6EC8300C37275 /* YoutubeVideoThumbnailModel.swift in Sources */ = {isa = PBXBuildFile; fileRef = 333647412AA6EC8300C37275 /* YoutubeVideoThumbnailModel.swift */; };
		333647442AA6F12900C37275 /* YoutubeVideo.swift in Sources */ = {isa = PBXBuildFile; fileRef = 333647432AA6F12900C37275 /* YoutubeVideo.swift */; };
		333647462AA70D5B00C37275 /* YoutubeChannelListResponseModel.swift in Sources */ = {isa = PBXBuildFile; fileRef = 333647452AA70D5B00C37275 /* YoutubeChannelListResponseModel.swift */; };
		333647482AA70DA500C37275 /* YoutubeChannelModel.swift in Sources */ = {isa = PBXBuildFile; fileRef = 333647472AA70DA500C37275 /* YoutubeChannelModel.swift */; };
		3336474A2AA70DD600C37275 /* YoutubeThumbnailList'Model.swift in Sources */ = {isa = PBXBuildFile; fileRef = 333647492AA70DD600C37275 /* YoutubeThumbnailList'Model.swift */; };
		3347BCB32AAD3EAC005DA0C0 /* TextFieldGroup.swift in Sources */ = {isa = PBXBuildFile; fileRef = 3347BCB22AAD3EAC005DA0C0 /* TextFieldGroup.swift */; };
		3347BCB52AAD41E7005DA0C0 /* Button.swift in Sources */ = {isa = PBXBuildFile; fileRef = 3347BCB42AAD41E7005DA0C0 /* Button.swift */; };
		3347BCB72AAD4CAF005DA0C0 /* AvatarView.swift in Sources */ = {isa = PBXBuildFile; fileRef = 3347BCB62AAD4CAF005DA0C0 /* AvatarView.swift */; };
		3347BCBA2AAD57B9005DA0C0 /* PhotoPicker.swift in Sources */ = {isa = PBXBuildFile; fileRef = 3347BCB92AAD57B9005DA0C0 /* PhotoPicker.swift */; };
		3347BCC02AADCBF5005DA0C0 /* UIViewController+Ext.swift in Sources */ = {isa = PBXBuildFile; fileRef = 3347BCBF2AADCBF5005DA0C0 /* UIViewController+Ext.swift */; };
		3347BCC22AADCC0D005DA0C0 /* UIImage+Ext.swift in Sources */ = {isa = PBXBuildFile; fileRef = 3347BCC12AADCC0D005DA0C0 /* UIImage+Ext.swift */; };
		3347BCC42AADCC24005DA0C0 /* UIColor+Ext.swift in Sources */ = {isa = PBXBuildFile; fileRef = 3347BCC32AADCC24005DA0C0 /* UIColor+Ext.swift */; };
		3347BCC62AADCC65005DA0C0 /* UIImageView+Ext.swift in Sources */ = {isa = PBXBuildFile; fileRef = 3347BCC52AADCC65005DA0C0 /* UIImageView+Ext.swift */; };
		3347BCC82AADCC7C005DA0C0 /* UIResponder+Ext.swift in Sources */ = {isa = PBXBuildFile; fileRef = 3347BCC72AADCC7C005DA0C0 /* UIResponder+Ext.swift */; };
		3347BCCA2AADCC8D005DA0C0 /* NumberFormatter+Ext.swift in Sources */ = {isa = PBXBuildFile; fileRef = 3347BCC92AADCC8D005DA0C0 /* NumberFormatter+Ext.swift */; };
		3347BCCC2AADCF2E005DA0C0 /* String+Ext.swift in Sources */ = {isa = PBXBuildFile; fileRef = 3347BCCB2AADCF2E005DA0C0 /* String+Ext.swift */; };
		3347BCCE2AADEA3B005DA0C0 /* UIView+Ext.swift in Sources */ = {isa = PBXBuildFile; fileRef = 3347BCCD2AADEA3B005DA0C0 /* UIView+Ext.swift */; };
		3347BCD02AADEBE1005DA0C0 /* KeyboardHandler.swift in Sources */ = {isa = PBXBuildFile; fileRef = 3347BCCF2AADEBE1005DA0C0 /* KeyboardHandler.swift */; };
		33C3A01F2AAE156A005F07F0 /* Label.swift in Sources */ = {isa = PBXBuildFile; fileRef = 33C3A01E2AAE156A005F07F0 /* Label.swift */; };
		554BA0CF2AAC548C00BFBDC5 /* CommentTableViewCell.swift in Sources */ = {isa = PBXBuildFile; fileRef = 554BA0CE2AAC548C00BFBDC5 /* CommentTableViewCell.swift */; };
		554BA0D12AAC57CD00BFBDC5 /* Comment.swift in Sources */ = {isa = PBXBuildFile; fileRef = 554BA0D02AAC57CD00BFBDC5 /* Comment.swift */; };
		554BA0D32AAC590300BFBDC5 /* CommentModel.swift in Sources */ = {isa = PBXBuildFile; fileRef = 554BA0D22AAC590300BFBDC5 /* CommentModel.swift */; };
		554BA0D52AAC6B0400BFBDC5 /* CommentService.swift in Sources */ = {isa = PBXBuildFile; fileRef = 554BA0D42AAC6B0400BFBDC5 /* CommentService.swift */; };
		B84502242AA85CA900811C40 /* HomeVideoCell.swift in Sources */ = {isa = PBXBuildFile; fileRef = B84502232AA85CA900811C40 /* HomeVideoCell.swift */; };
/* End PBXBuildFile section */

/* Begin PBXFileReference section */
		332E29C82AAB27F600C21409 /* Env.swift */ = {isa = PBXFileReference; lastKnownFileType = sourcecode.swift; path = Env.swift; sourceTree = "<group>"; };
		333646DB2AA597C900C37275 /* YoutubeCloneApp.app */ = {isa = PBXFileReference; explicitFileType = wrapper.application; includeInIndex = 0; path = YoutubeCloneApp.app; sourceTree = BUILT_PRODUCTS_DIR; };
		333646DE2AA597C900C37275 /* AppDelegate.swift */ = {isa = PBXFileReference; lastKnownFileType = sourcecode.swift; path = AppDelegate.swift; sourceTree = "<group>"; };
		333646E02AA597C900C37275 /* SceneDelegate.swift */ = {isa = PBXFileReference; lastKnownFileType = sourcecode.swift; path = SceneDelegate.swift; sourceTree = "<group>"; };
		333646E22AA597C900C37275 /* RootViewController.swift */ = {isa = PBXFileReference; lastKnownFileType = sourcecode.swift; path = RootViewController.swift; sourceTree = "<group>"; };
		333646E72AA597CA00C37275 /* Assets.xcassets */ = {isa = PBXFileReference; lastKnownFileType = folder.assetcatalog; path = Assets.xcassets; sourceTree = "<group>"; };
		333646EA2AA597CA00C37275 /* Base */ = {isa = PBXFileReference; lastKnownFileType = file.storyboard; name = Base; path = Base.lproj/LaunchScreen.storyboard; sourceTree = "<group>"; };
		333646EC2AA597CA00C37275 /* Info.plist */ = {isa = PBXFileReference; lastKnownFileType = text.plist.xml; path = Info.plist; sourceTree = "<group>"; };
		333646FA2AA5A8B200C37275 /* TypedViewController.swift */ = {isa = PBXFileReference; lastKnownFileType = sourcecode.swift; path = TypedViewController.swift; sourceTree = "<group>"; };
		333646FC2AA5A8E200C37275 /* RootView.swift */ = {isa = PBXFileReference; lastKnownFileType = sourcecode.swift; path = RootView.swift; sourceTree = "<group>"; };
		333646FE2AA5A9D700C37275 /* SignInViewController.swift */ = {isa = PBXFileReference; lastKnownFileType = sourcecode.swift; path = SignInViewController.swift; sourceTree = "<group>"; };
		333647012AA5A9F500C37275 /* SignInView.swift */ = {isa = PBXFileReference; lastKnownFileType = sourcecode.swift; path = SignInView.swift; sourceTree = "<group>"; };
		333647042AA5AB1900C37275 /* SignUpView.swift */ = {isa = PBXFileReference; lastKnownFileType = sourcecode.swift; path = SignUpView.swift; sourceTree = "<group>"; };
		333647072AA5AB5C00C37275 /* SignUpViewController.swift */ = {isa = PBXFileReference; lastKnownFileType = sourcecode.swift; path = SignUpViewController.swift; sourceTree = "<group>"; };
		3336470A2AA5AB8B00C37275 /* APIService.swift */ = {isa = PBXFileReference; lastKnownFileType = sourcecode.swift; path = APIService.swift; sourceTree = "<group>"; };
		3336470C2AA5AB9C00C37275 /* AuthService.swift */ = {isa = PBXFileReference; lastKnownFileType = sourcecode.swift; path = AuthService.swift; sourceTree = "<group>"; };
		3336470F2AA5ABD500C37275 /* HomeView.swift */ = {isa = PBXFileReference; lastKnownFileType = sourcecode.swift; path = HomeView.swift; sourceTree = "<group>"; };
		333647112AA5ABEC00C37275 /* HomeViewController.swift */ = {isa = PBXFileReference; lastKnownFileType = sourcecode.swift; path = HomeViewController.swift; sourceTree = "<group>"; };
		333647152AA5AC5B00C37275 /* DetailView.swift */ = {isa = PBXFileReference; lastKnownFileType = sourcecode.swift; path = DetailView.swift; sourceTree = "<group>"; };
		333647172AA5AC6B00C37275 /* ProfileView.swift */ = {isa = PBXFileReference; lastKnownFileType = sourcecode.swift; path = ProfileView.swift; sourceTree = "<group>"; };
		333647192AA5AD8300C37275 /* DetailViewController.swift */ = {isa = PBXFileReference; lastKnownFileType = sourcecode.swift; path = DetailViewController.swift; sourceTree = "<group>"; };
		3336471B2AA5AD9100C37275 /* ProfileViewController.swift */ = {isa = PBXFileReference; lastKnownFileType = sourcecode.swift; path = ProfileViewController.swift; sourceTree = "<group>"; };
		3336471E2AA5AF9000C37275 /* WeakRef.swift */ = {isa = PBXFileReference; lastKnownFileType = sourcecode.swift; path = WeakRef.swift; sourceTree = "<group>"; };
		333647202AA5AFAC00C37275 /* Publishable.swift */ = {isa = PBXFileReference; lastKnownFileType = sourcecode.swift; path = Publishable.swift; sourceTree = "<group>"; };
		333647222AA5AFC300C37275 /* EventBus.swift */ = {isa = PBXFileReference; lastKnownFileType = sourcecode.swift; path = EventBus.swift; sourceTree = "<group>"; };
		333647252AA5AFD600C37275 /* Storage.swift */ = {isa = PBXFileReference; lastKnownFileType = sourcecode.swift; path = Storage.swift; sourceTree = "<group>"; };
		333647282AA5AFF200C37275 /* UserDefaultsStorage.swift */ = {isa = PBXFileReference; lastKnownFileType = sourcecode.swift; path = UserDefaultsStorage.swift; sourceTree = "<group>"; };
		3336472A2AA5B05E00C37275 /* Identifier.swift */ = {isa = PBXFileReference; lastKnownFileType = sourcecode.swift; path = Identifier.swift; sourceTree = "<group>"; };
		3336472E2AA5B0D100C37275 /* UserModel.swift */ = {isa = PBXFileReference; lastKnownFileType = sourcecode.swift; path = UserModel.swift; sourceTree = "<group>"; };
		333647302AA5B0D800C37275 /* User.swift */ = {isa = PBXFileReference; lastKnownFileType = sourcecode.swift; path = User.swift; sourceTree = "<group>"; };
		333647382AA6E7E700C37275 /* YoutubeService.swift */ = {isa = PBXFileReference; lastKnownFileType = sourcecode.swift; path = YoutubeService.swift; sourceTree = "<group>"; };
		3336473A2AA6E9B000C37275 /* YoutubeVideoListResponseModel.swift */ = {isa = PBXFileReference; lastKnownFileType = sourcecode.swift; path = YoutubeVideoListResponseModel.swift; sourceTree = "<group>"; };
		3336473C2AA6EAB700C37275 /* YoutubePageInfoModel.swift */ = {isa = PBXFileReference; lastKnownFileType = sourcecode.swift; path = YoutubePageInfoModel.swift; sourceTree = "<group>"; };
		3336473F2AA6EB0B00C37275 /* YoutubeVideoModel.swift */ = {isa = PBXFileReference; lastKnownFileType = sourcecode.swift; path = YoutubeVideoModel.swift; sourceTree = "<group>"; };
		333647412AA6EC8300C37275 /* YoutubeVideoThumbnailModel.swift */ = {isa = PBXFileReference; lastKnownFileType = sourcecode.swift; path = YoutubeVideoThumbnailModel.swift; sourceTree = "<group>"; };
		333647432AA6F12900C37275 /* YoutubeVideo.swift */ = {isa = PBXFileReference; lastKnownFileType = sourcecode.swift; path = YoutubeVideo.swift; sourceTree = "<group>"; };
		333647452AA70D5B00C37275 /* YoutubeChannelListResponseModel.swift */ = {isa = PBXFileReference; lastKnownFileType = sourcecode.swift; path = YoutubeChannelListResponseModel.swift; sourceTree = "<group>"; };
		333647472AA70DA500C37275 /* YoutubeChannelModel.swift */ = {isa = PBXFileReference; lastKnownFileType = sourcecode.swift; path = YoutubeChannelModel.swift; sourceTree = "<group>"; };
		333647492AA70DD600C37275 /* YoutubeThumbnailList'Model.swift */ = {isa = PBXFileReference; lastKnownFileType = sourcecode.swift; path = "YoutubeThumbnailList'Model.swift"; sourceTree = "<group>"; };
		3347BCB22AAD3EAC005DA0C0 /* TextFieldGroup.swift */ = {isa = PBXFileReference; lastKnownFileType = sourcecode.swift; path = TextFieldGroup.swift; sourceTree = "<group>"; };
		3347BCB42AAD41E7005DA0C0 /* Button.swift */ = {isa = PBXFileReference; lastKnownFileType = sourcecode.swift; path = Button.swift; sourceTree = "<group>"; };
		3347BCB62AAD4CAF005DA0C0 /* AvatarView.swift */ = {isa = PBXFileReference; lastKnownFileType = sourcecode.swift; path = AvatarView.swift; sourceTree = "<group>"; };
		3347BCB92AAD57B9005DA0C0 /* PhotoPicker.swift */ = {isa = PBXFileReference; lastKnownFileType = sourcecode.swift; path = PhotoPicker.swift; sourceTree = "<group>"; };
		3347BCBF2AADCBF5005DA0C0 /* UIViewController+Ext.swift */ = {isa = PBXFileReference; lastKnownFileType = sourcecode.swift; path = "UIViewController+Ext.swift"; sourceTree = "<group>"; };
		3347BCC12AADCC0D005DA0C0 /* UIImage+Ext.swift */ = {isa = PBXFileReference; lastKnownFileType = sourcecode.swift; path = "UIImage+Ext.swift"; sourceTree = "<group>"; };
		3347BCC32AADCC24005DA0C0 /* UIColor+Ext.swift */ = {isa = PBXFileReference; lastKnownFileType = sourcecode.swift; path = "UIColor+Ext.swift"; sourceTree = "<group>"; };
		3347BCC52AADCC65005DA0C0 /* UIImageView+Ext.swift */ = {isa = PBXFileReference; lastKnownFileType = sourcecode.swift; path = "UIImageView+Ext.swift"; sourceTree = "<group>"; };
		3347BCC72AADCC7C005DA0C0 /* UIResponder+Ext.swift */ = {isa = PBXFileReference; lastKnownFileType = sourcecode.swift; path = "UIResponder+Ext.swift"; sourceTree = "<group>"; };
		3347BCC92AADCC8D005DA0C0 /* NumberFormatter+Ext.swift */ = {isa = PBXFileReference; lastKnownFileType = sourcecode.swift; path = "NumberFormatter+Ext.swift"; sourceTree = "<group>"; };
		3347BCCB2AADCF2E005DA0C0 /* String+Ext.swift */ = {isa = PBXFileReference; lastKnownFileType = sourcecode.swift; path = "String+Ext.swift"; sourceTree = "<group>"; };
		3347BCCD2AADEA3B005DA0C0 /* UIView+Ext.swift */ = {isa = PBXFileReference; lastKnownFileType = sourcecode.swift; path = "UIView+Ext.swift"; sourceTree = "<group>"; };
		3347BCCF2AADEBE1005DA0C0 /* KeyboardHandler.swift */ = {isa = PBXFileReference; lastKnownFileType = sourcecode.swift; path = KeyboardHandler.swift; sourceTree = "<group>"; };
		33C3A01E2AAE156A005F07F0 /* Label.swift */ = {isa = PBXFileReference; lastKnownFileType = sourcecode.swift; path = Label.swift; sourceTree = "<group>"; };
		554BA0CE2AAC548C00BFBDC5 /* CommentTableViewCell.swift */ = {isa = PBXFileReference; lastKnownFileType = sourcecode.swift; path = CommentTableViewCell.swift; sourceTree = "<group>"; };
		554BA0D02AAC57CD00BFBDC5 /* Comment.swift */ = {isa = PBXFileReference; lastKnownFileType = sourcecode.swift; path = Comment.swift; sourceTree = "<group>"; };
		554BA0D22AAC590300BFBDC5 /* CommentModel.swift */ = {isa = PBXFileReference; lastKnownFileType = sourcecode.swift; path = CommentModel.swift; sourceTree = "<group>"; };
		554BA0D42AAC6B0400BFBDC5 /* CommentService.swift */ = {isa = PBXFileReference; lastKnownFileType = sourcecode.swift; path = CommentService.swift; sourceTree = "<group>"; };
		B84502232AA85CA900811C40 /* HomeVideoCell.swift */ = {isa = PBXFileReference; lastKnownFileType = sourcecode.swift; path = HomeVideoCell.swift; sourceTree = "<group>"; };
/* End PBXFileReference section */

/* Begin PBXFrameworksBuildPhase section */
		333646D82AA597C900C37275 /* Frameworks */ = {
			isa = PBXFrameworksBuildPhase;
			buildActionMask = 2147483647;
			files = (
			);
			runOnlyForDeploymentPostprocessing = 0;
		};
/* End PBXFrameworksBuildPhase section */

/* Begin PBXGroup section */
		333646D22AA597C900C37275 = {
			isa = PBXGroup;
			children = (
				333646DD2AA597C900C37275 /* YoutubeCloneApp */,
				333646DC2AA597C900C37275 /* Products */,
				B8031F272AAB49D1006BECFF /* Recovered References */,
			);
			sourceTree = "<group>";
		};
		333646DC2AA597C900C37275 /* Products */ = {
			isa = PBXGroup;
			children = (
				333646DB2AA597C900C37275 /* YoutubeCloneApp.app */,
			);
			name = Products;
			sourceTree = "<group>";
		};
		333646DD2AA597C900C37275 /* YoutubeCloneApp */ = {
			isa = PBXGroup;
			children = (
				333646F22AA5985C00C37275 /* Resources */,
				3336472C2AA5B0B800C37275 /* Models */,
				3336472D2AA5B0C600C37275 /* ViewModels */,
				333647092AA5AB7D00C37275 /* Services */,
				333646F32AA5986600C37275 /* Views */,
				333646F42AA5987000C37275 /* Controllers */,
				3336471D2AA5AF7A00C37275 /* Utilities */,
				333646EC2AA597CA00C37275 /* Info.plist */,
			);
			path = YoutubeCloneApp;
			sourceTree = "<group>";
		};
		333646F22AA5985C00C37275 /* Resources */ = {
			isa = PBXGroup;
			children = (
				333646E72AA597CA00C37275 /* Assets.xcassets */,
				333646E02AA597C900C37275 /* SceneDelegate.swift */,
				333646DE2AA597C900C37275 /* AppDelegate.swift */,
			);
			path = Resources;
			sourceTree = "<group>";
		};
		333646F32AA5986600C37275 /* Views */ = {
			isa = PBXGroup;
			children = (
				333646E92AA597CA00C37275 /* LaunchScreen.storyboard */,
				3336472A2AA5B05E00C37275 /* Identifier.swift */,
				333646FC2AA5A8E200C37275 /* RootView.swift */,
				3347BCB12AAD3E93005DA0C0 /* Shared */,
				333647002AA5A9EB00C37275 /* SignInView */,
				333647032AA5AAF400C37275 /* SignUpView */,
				3336470E2AA5ABBA00C37275 /* HomeView */,
				333647142AA5AC4E00C37275 /* DetailView */,
				333647132AA5AC3600C37275 /* ProfileView */,
			);
			path = Views;
			sourceTree = "<group>";
		};
		333646F42AA5987000C37275 /* Controllers */ = {
			isa = PBXGroup;
			children = (
				3347BCB82AAD579F005DA0C0 /* Shared */,
				333646E22AA597C900C37275 /* RootViewController.swift */,
				333646FE2AA5A9D700C37275 /* SignInViewController.swift */,
				333647072AA5AB5C00C37275 /* SignUpViewController.swift */,
				333647112AA5ABEC00C37275 /* HomeViewController.swift */,
				333647192AA5AD8300C37275 /* DetailViewController.swift */,
				3336471B2AA5AD9100C37275 /* ProfileViewController.swift */,
			);
			path = Controllers;
			sourceTree = "<group>";
		};
		333647002AA5A9EB00C37275 /* SignInView */ = {
			isa = PBXGroup;
			children = (
				333647012AA5A9F500C37275 /* SignInView.swift */,
			);
			path = SignInView;
			sourceTree = "<group>";
		};
		333647032AA5AAF400C37275 /* SignUpView */ = {
			isa = PBXGroup;
			children = (
				333647042AA5AB1900C37275 /* SignUpView.swift */,
			);
			path = SignUpView;
			sourceTree = "<group>";
		};
		333647092AA5AB7D00C37275 /* Services */ = {
			isa = PBXGroup;
			children = (
				3336470A2AA5AB8B00C37275 /* APIService.swift */,
				3336470C2AA5AB9C00C37275 /* AuthService.swift */,
				333647382AA6E7E700C37275 /* YoutubeService.swift */,
				554BA0D42AAC6B0400BFBDC5 /* CommentService.swift */,
			);
			path = Services;
			sourceTree = "<group>";
		};
		3336470E2AA5ABBA00C37275 /* HomeView */ = {
			isa = PBXGroup;
			children = (
				3336470F2AA5ABD500C37275 /* HomeView.swift */,
				B84502232AA85CA900811C40 /* HomeVideoCell.swift */,
			);
			path = HomeView;
			sourceTree = "<group>";
		};
		333647132AA5AC3600C37275 /* ProfileView */ = {
			isa = PBXGroup;
			children = (
				333647172AA5AC6B00C37275 /* ProfileView.swift */,
			);
			path = ProfileView;
			sourceTree = "<group>";
		};
		333647142AA5AC4E00C37275 /* DetailView */ = {
			isa = PBXGroup;
			children = (
				333647152AA5AC5B00C37275 /* DetailView.swift */,
				554BA0CE2AAC548C00BFBDC5 /* CommentTableViewCell.swift */,
			);
			path = DetailView;
			sourceTree = "<group>";
		};
		3336471D2AA5AF7A00C37275 /* Utilities */ = {
			isa = PBXGroup;
			children = (
				3336471E2AA5AF9000C37275 /* WeakRef.swift */,
				333647202AA5AFAC00C37275 /* Publishable.swift */,
				333647222AA5AFC300C37275 /* EventBus.swift */,
				332E29C82AAB27F600C21409 /* Env.swift */,
				3347BCCF2AADEBE1005DA0C0 /* KeyboardHandler.swift */,
				333647272AA5AFE300C37275 /* Storage */,
				3347BCBE2AADCBD8005DA0C0 /* Extensions */,
			);
			path = Utilities;
			sourceTree = "<group>";
		};
		333647272AA5AFE300C37275 /* Storage */ = {
			isa = PBXGroup;
			children = (
				333647252AA5AFD600C37275 /* Storage.swift */,
				333647282AA5AFF200C37275 /* UserDefaultsStorage.swift */,
			);
			path = Storage;
			sourceTree = "<group>";
		};
		3336472C2AA5B0B800C37275 /* Models */ = {
			isa = PBXGroup;
			children = (
				3336472E2AA5B0D100C37275 /* UserModel.swift */,
				3336473E2AA6EABB00C37275 /* Youtube */,
				554BA0D22AAC590300BFBDC5 /* CommentModel.swift */,
			);
			path = Models;
			sourceTree = "<group>";
		};
		3336472D2AA5B0C600C37275 /* ViewModels */ = {
			isa = PBXGroup;
			children = (
				333647302AA5B0D800C37275 /* User.swift */,
				333647432AA6F12900C37275 /* YoutubeVideo.swift */,
				554BA0D02AAC57CD00BFBDC5 /* Comment.swift */,
			);
			path = ViewModels;
			sourceTree = "<group>";
		};
		3336473E2AA6EABB00C37275 /* Youtube */ = {
			isa = PBXGroup;
			children = (
				3336473A2AA6E9B000C37275 /* YoutubeVideoListResponseModel.swift */,
				3336473F2AA6EB0B00C37275 /* YoutubeVideoModel.swift */,
				333647412AA6EC8300C37275 /* YoutubeVideoThumbnailModel.swift */,
				333647452AA70D5B00C37275 /* YoutubeChannelListResponseModel.swift */,
				333647472AA70DA500C37275 /* YoutubeChannelModel.swift */,
				3336473C2AA6EAB700C37275 /* YoutubePageInfoModel.swift */,
				333647492AA70DD600C37275 /* YoutubeThumbnailList'Model.swift */,
			);
			path = Youtube;
			sourceTree = "<group>";
		};
		3347BCB12AAD3E93005DA0C0 /* Shared */ = {
			isa = PBXGroup;
			children = (
				3347BCB62AAD4CAF005DA0C0 /* AvatarView.swift */,
				3347BCB22AAD3EAC005DA0C0 /* TextFieldGroup.swift */,
				3347BCB42AAD41E7005DA0C0 /* Button.swift */,
				33C3A01E2AAE156A005F07F0 /* Label.swift */,
			);
			path = Shared;
			sourceTree = "<group>";
		};
		3347BCB82AAD579F005DA0C0 /* Shared */ = {
			isa = PBXGroup;
			children = (
				333646FA2AA5A8B200C37275 /* TypedViewController.swift */,
				3347BCB92AAD57B9005DA0C0 /* PhotoPicker.swift */,
			);
			path = Shared;
			sourceTree = "<group>";
		};
		3347BCBE2AADCBD8005DA0C0 /* Extensions */ = {
			isa = PBXGroup;
			children = (
				3347BCCD2AADEA3B005DA0C0 /* UIView+Ext.swift */,
				3347BCBF2AADCBF5005DA0C0 /* UIViewController+Ext.swift */,
				3347BCC12AADCC0D005DA0C0 /* UIImage+Ext.swift */,
				3347BCC52AADCC65005DA0C0 /* UIImageView+Ext.swift */,
				3347BCC32AADCC24005DA0C0 /* UIColor+Ext.swift */,
				3347BCC72AADCC7C005DA0C0 /* UIResponder+Ext.swift */,
				3347BCC92AADCC8D005DA0C0 /* NumberFormatter+Ext.swift */,
				3347BCCB2AADCF2E005DA0C0 /* String+Ext.swift */,
			);
			path = Extensions;
			sourceTree = "<group>";
		};
		B8031F272AAB49D1006BECFF /* Recovered References */ = {
			isa = PBXGroup;
			children = (
			);
			name = "Recovered References";
			sourceTree = "<group>";
		};
/* End PBXGroup section */

/* Begin PBXNativeTarget section */
		333646DA2AA597C900C37275 /* YoutubeCloneApp */ = {
			isa = PBXNativeTarget;
			buildConfigurationList = 333646EF2AA597CA00C37275 /* Build configuration list for PBXNativeTarget "YoutubeCloneApp" */;
			buildPhases = (
				333646D72AA597C900C37275 /* Sources */,
				333646D82AA597C900C37275 /* Frameworks */,
				333646D92AA597C900C37275 /* Resources */,
			);
			buildRules = (
			);
			dependencies = (
			);
			name = YoutubeCloneApp;
			productName = YoutubeCloneApp;
			productReference = 333646DB2AA597C900C37275 /* YoutubeCloneApp.app */;
			productType = "com.apple.product-type.application";
		};
/* End PBXNativeTarget section */

/* Begin PBXProject section */
		333646D32AA597C900C37275 /* Project object */ = {
			isa = PBXProject;
			attributes = {
				BuildIndependentTargetsInParallel = 1;
				LastSwiftUpdateCheck = 1430;
				LastUpgradeCheck = 1430;
				TargetAttributes = {
					333646DA2AA597C900C37275 = {
						CreatedOnToolsVersion = 14.3.1;
					};
				};
			};
			buildConfigurationList = 333646D62AA597C900C37275 /* Build configuration list for PBXProject "YoutubeCloneApp" */;
			compatibilityVersion = "Xcode 14.0";
			developmentRegion = en;
			hasScannedForEncodings = 0;
			knownRegions = (
				en,
				Base,
			);
			mainGroup = 333646D22AA597C900C37275;
			productRefGroup = 333646DC2AA597C900C37275 /* Products */;
			projectDirPath = "";
			projectRoot = "";
			targets = (
				333646DA2AA597C900C37275 /* YoutubeCloneApp */,
			);
		};
/* End PBXProject section */

/* Begin PBXResourcesBuildPhase section */
		333646D92AA597C900C37275 /* Resources */ = {
			isa = PBXResourcesBuildPhase;
			buildActionMask = 2147483647;
			files = (
				333646EB2AA597CA00C37275 /* LaunchScreen.storyboard in Resources */,
				333646E82AA597CA00C37275 /* Assets.xcassets in Resources */,
			);
			runOnlyForDeploymentPostprocessing = 0;
		};
/* End PBXResourcesBuildPhase section */

/* Begin PBXSourcesBuildPhase section */
		333646D72AA597C900C37275 /* Sources */ = {
			isa = PBXSourcesBuildPhase;
			buildActionMask = 2147483647;
			files = (
				3347BCC82AADCC7C005DA0C0 /* UIResponder+Ext.swift in Sources */,
				333647212AA5AFAC00C37275 /* Publishable.swift in Sources */,
				333647232AA5AFC300C37275 /* EventBus.swift in Sources */,
				3347BCCC2AADCF2E005DA0C0 /* String+Ext.swift in Sources */,
				333647402AA6EB0B00C37275 /* YoutubeVideoModel.swift in Sources */,
				3336473B2AA6E9B000C37275 /* YoutubeVideoListResponseModel.swift in Sources */,
				333647462AA70D5B00C37275 /* YoutubeChannelListResponseModel.swift in Sources */,
				333646E32AA597C900C37275 /* RootViewController.swift in Sources */,
				333647022AA5A9F500C37275 /* SignInView.swift in Sources */,
				333646FB2AA5A8B200C37275 /* TypedViewController.swift in Sources */,
				333647312AA5B0D800C37275 /* User.swift in Sources */,
				333647422AA6EC8300C37275 /* YoutubeVideoThumbnailModel.swift in Sources */,
				333647162AA5AC5B00C37275 /* DetailView.swift in Sources */,
				332E29C92AAB27F600C21409 /* Env.swift in Sources */,
				3336474A2AA70DD600C37275 /* YoutubeThumbnailList'Model.swift in Sources */,
				333646FF2AA5A9D700C37275 /* SignInViewController.swift in Sources */,
				3347BCB32AAD3EAC005DA0C0 /* TextFieldGroup.swift in Sources */,
				333646DF2AA597C900C37275 /* AppDelegate.swift in Sources */,
				3336470D2AA5AB9C00C37275 /* AuthService.swift in Sources */,
				554BA0D32AAC590300BFBDC5 /* CommentModel.swift in Sources */,
				333647442AA6F12900C37275 /* YoutubeVideo.swift in Sources */,
				3336471C2AA5AD9100C37275 /* ProfileViewController.swift in Sources */,
				3336472F2AA5B0D100C37275 /* UserModel.swift in Sources */,
				3347BCCA2AADCC8D005DA0C0 /* NumberFormatter+Ext.swift in Sources */,
				3347BCC42AADCC24005DA0C0 /* UIColor+Ext.swift in Sources */,
				333647292AA5AFF200C37275 /* UserDefaultsStorage.swift in Sources */,
				3336471A2AA5AD8300C37275 /* DetailViewController.swift in Sources */,
				3336473D2AA6EAB700C37275 /* YoutubePageInfoModel.swift in Sources */,
				333647182AA5AC6B00C37275 /* ProfileView.swift in Sources */,
				554BA0D52AAC6B0400BFBDC5 /* CommentService.swift in Sources */,
				3347BCD02AADEBE1005DA0C0 /* KeyboardHandler.swift in Sources */,
				333647052AA5AB1900C37275 /* SignUpView.swift in Sources */,
				3336470B2AA5AB8B00C37275 /* APIService.swift in Sources */,
				3347BCC02AADCBF5005DA0C0 /* UIViewController+Ext.swift in Sources */,
				333647082AA5AB5C00C37275 /* SignUpViewController.swift in Sources */,
				333647102AA5ABD500C37275 /* HomeView.swift in Sources */,
				333647262AA5AFD600C37275 /* Storage.swift in Sources */,
				333647392AA6E7E700C37275 /* YoutubeService.swift in Sources */,
				3347BCC62AADCC65005DA0C0 /* UIImageView+Ext.swift in Sources */,
				333647482AA70DA500C37275 /* YoutubeChannelModel.swift in Sources */,
				333646E12AA597C900C37275 /* SceneDelegate.swift in Sources */,
				3347BCB72AAD4CAF005DA0C0 /* AvatarView.swift in Sources */,
				333647122AA5ABEC00C37275 /* HomeViewController.swift in Sources */,
				554BA0D12AAC57CD00BFBDC5 /* Comment.swift in Sources */,
				333646FD2AA5A8E200C37275 /* RootView.swift in Sources */,
				554BA0CF2AAC548C00BFBDC5 /* CommentTableViewCell.swift in Sources */,
				3336472B2AA5B05E00C37275 /* Identifier.swift in Sources */,
				B84502242AA85CA900811C40 /* HomeVideoCell.swift in Sources */,
				3336471F2AA5AF9000C37275 /* WeakRef.swift in Sources */,
				3347BCCE2AADEA3B005DA0C0 /* UIView+Ext.swift in Sources */,
				33C3A01F2AAE156A005F07F0 /* Label.swift in Sources */,
				3347BCB52AAD41E7005DA0C0 /* Button.swift in Sources */,
				3347BCC22AADCC0D005DA0C0 /* UIImage+Ext.swift in Sources */,
				3347BCBA2AAD57B9005DA0C0 /* PhotoPicker.swift in Sources */,
			);
			runOnlyForDeploymentPostprocessing = 0;
		};
/* End PBXSourcesBuildPhase section */

/* Begin PBXVariantGroup section */
		333646E92AA597CA00C37275 /* LaunchScreen.storyboard */ = {
			isa = PBXVariantGroup;
			children = (
				333646EA2AA597CA00C37275 /* Base */,
			);
			name = LaunchScreen.storyboard;
			sourceTree = "<group>";
		};
/* End PBXVariantGroup section */

/* Begin XCBuildConfiguration section */
		333646ED2AA597CA00C37275 /* Debug */ = {
			isa = XCBuildConfiguration;
			buildSettings = {
				ALWAYS_SEARCH_USER_PATHS = NO;
				CLANG_ANALYZER_NONNULL = YES;
				CLANG_ANALYZER_NUMBER_OBJECT_CONVERSION = YES_AGGRESSIVE;
				CLANG_CXX_LANGUAGE_STANDARD = "gnu++20";
				CLANG_ENABLE_MODULES = YES;
				CLANG_ENABLE_OBJC_ARC = YES;
				CLANG_ENABLE_OBJC_WEAK = YES;
				CLANG_WARN_BLOCK_CAPTURE_AUTORELEASING = YES;
				CLANG_WARN_BOOL_CONVERSION = YES;
				CLANG_WARN_COMMA = YES;
				CLANG_WARN_CONSTANT_CONVERSION = YES;
				CLANG_WARN_DEPRECATED_OBJC_IMPLEMENTATIONS = YES;
				CLANG_WARN_DIRECT_OBJC_ISA_USAGE = YES_ERROR;
				CLANG_WARN_DOCUMENTATION_COMMENTS = YES;
				CLANG_WARN_EMPTY_BODY = YES;
				CLANG_WARN_ENUM_CONVERSION = YES;
				CLANG_WARN_INFINITE_RECURSION = YES;
				CLANG_WARN_INT_CONVERSION = YES;
				CLANG_WARN_NON_LITERAL_NULL_CONVERSION = YES;
				CLANG_WARN_OBJC_IMPLICIT_RETAIN_SELF = YES;
				CLANG_WARN_OBJC_LITERAL_CONVERSION = YES;
				CLANG_WARN_OBJC_ROOT_CLASS = YES_ERROR;
				CLANG_WARN_QUOTED_INCLUDE_IN_FRAMEWORK_HEADER = YES;
				CLANG_WARN_RANGE_LOOP_ANALYSIS = YES;
				CLANG_WARN_STRICT_PROTOTYPES = YES;
				CLANG_WARN_SUSPICIOUS_MOVE = YES;
				CLANG_WARN_UNGUARDED_AVAILABILITY = YES_AGGRESSIVE;
				CLANG_WARN_UNREACHABLE_CODE = YES;
				CLANG_WARN__DUPLICATE_METHOD_MATCH = YES;
				COPY_PHASE_STRIP = NO;
				DEBUG_INFORMATION_FORMAT = dwarf;
				ENABLE_STRICT_OBJC_MSGSEND = YES;
				ENABLE_TESTABILITY = YES;
				GCC_C_LANGUAGE_STANDARD = gnu11;
				GCC_DYNAMIC_NO_PIC = NO;
				GCC_NO_COMMON_BLOCKS = YES;
				GCC_OPTIMIZATION_LEVEL = 0;
				GCC_PREPROCESSOR_DEFINITIONS = (
					"DEBUG=1",
					"$(inherited)",
				);
				GCC_WARN_64_TO_32_BIT_CONVERSION = YES;
				GCC_WARN_ABOUT_RETURN_TYPE = YES_ERROR;
				GCC_WARN_UNDECLARED_SELECTOR = YES;
				GCC_WARN_UNINITIALIZED_AUTOS = YES_AGGRESSIVE;
				GCC_WARN_UNUSED_FUNCTION = YES;
				GCC_WARN_UNUSED_VARIABLE = YES;
				IPHONEOS_DEPLOYMENT_TARGET = 14.0;
				MTL_ENABLE_DEBUG_INFO = INCLUDE_SOURCE;
				MTL_FAST_MATH = YES;
				ONLY_ACTIVE_ARCH = YES;
				SDKROOT = iphoneos;
				SWIFT_ACTIVE_COMPILATION_CONDITIONS = DEBUG;
				SWIFT_OPTIMIZATION_LEVEL = "-Onone";
			};
			name = Debug;
		};
		333646EE2AA597CA00C37275 /* Release */ = {
			isa = XCBuildConfiguration;
			buildSettings = {
				ALWAYS_SEARCH_USER_PATHS = NO;
				CLANG_ANALYZER_NONNULL = YES;
				CLANG_ANALYZER_NUMBER_OBJECT_CONVERSION = YES_AGGRESSIVE;
				CLANG_CXX_LANGUAGE_STANDARD = "gnu++20";
				CLANG_ENABLE_MODULES = YES;
				CLANG_ENABLE_OBJC_ARC = YES;
				CLANG_ENABLE_OBJC_WEAK = YES;
				CLANG_WARN_BLOCK_CAPTURE_AUTORELEASING = YES;
				CLANG_WARN_BOOL_CONVERSION = YES;
				CLANG_WARN_COMMA = YES;
				CLANG_WARN_CONSTANT_CONVERSION = YES;
				CLANG_WARN_DEPRECATED_OBJC_IMPLEMENTATIONS = YES;
				CLANG_WARN_DIRECT_OBJC_ISA_USAGE = YES_ERROR;
				CLANG_WARN_DOCUMENTATION_COMMENTS = YES;
				CLANG_WARN_EMPTY_BODY = YES;
				CLANG_WARN_ENUM_CONVERSION = YES;
				CLANG_WARN_INFINITE_RECURSION = YES;
				CLANG_WARN_INT_CONVERSION = YES;
				CLANG_WARN_NON_LITERAL_NULL_CONVERSION = YES;
				CLANG_WARN_OBJC_IMPLICIT_RETAIN_SELF = YES;
				CLANG_WARN_OBJC_LITERAL_CONVERSION = YES;
				CLANG_WARN_OBJC_ROOT_CLASS = YES_ERROR;
				CLANG_WARN_QUOTED_INCLUDE_IN_FRAMEWORK_HEADER = YES;
				CLANG_WARN_RANGE_LOOP_ANALYSIS = YES;
				CLANG_WARN_STRICT_PROTOTYPES = YES;
				CLANG_WARN_SUSPICIOUS_MOVE = YES;
				CLANG_WARN_UNGUARDED_AVAILABILITY = YES_AGGRESSIVE;
				CLANG_WARN_UNREACHABLE_CODE = YES;
				CLANG_WARN__DUPLICATE_METHOD_MATCH = YES;
				COPY_PHASE_STRIP = NO;
				DEBUG_INFORMATION_FORMAT = "dwarf-with-dsym";
				ENABLE_NS_ASSERTIONS = NO;
				ENABLE_STRICT_OBJC_MSGSEND = YES;
				GCC_C_LANGUAGE_STANDARD = gnu11;
				GCC_NO_COMMON_BLOCKS = YES;
				GCC_WARN_64_TO_32_BIT_CONVERSION = YES;
				GCC_WARN_ABOUT_RETURN_TYPE = YES_ERROR;
				GCC_WARN_UNDECLARED_SELECTOR = YES;
				GCC_WARN_UNINITIALIZED_AUTOS = YES_AGGRESSIVE;
				GCC_WARN_UNUSED_FUNCTION = YES;
				GCC_WARN_UNUSED_VARIABLE = YES;
				IPHONEOS_DEPLOYMENT_TARGET = 14.0;
				MTL_ENABLE_DEBUG_INFO = NO;
				MTL_FAST_MATH = YES;
				SDKROOT = iphoneos;
				SWIFT_COMPILATION_MODE = wholemodule;
				SWIFT_OPTIMIZATION_LEVEL = "-O";
				VALIDATE_PRODUCT = YES;
			};
			name = Release;
		};
		333646F02AA597CA00C37275 /* Debug */ = {
			isa = XCBuildConfiguration;
			buildSettings = {
				ASSETCATALOG_COMPILER_APPICON_NAME = AppIcon;
				ASSETCATALOG_COMPILER_GLOBAL_ACCENT_COLOR_NAME = AccentColor;
				CODE_SIGN_STYLE = Automatic;
				CURRENT_PROJECT_VERSION = 1;
				DEVELOPMENT_TEAM = V94RHZNH5T;
				GENERATE_INFOPLIST_FILE = YES;
				INFOPLIST_FILE = YoutubeCloneApp/Info.plist;
				INFOPLIST_KEY_UIApplicationSupportsIndirectInputEvents = YES;
				INFOPLIST_KEY_UILaunchStoryboardName = LaunchScreen;
				INFOPLIST_KEY_UISupportedInterfaceOrientations_iPad = "UIInterfaceOrientationPortrait UIInterfaceOrientationPortraitUpsideDown UIInterfaceOrientationLandscapeLeft UIInterfaceOrientationLandscapeRight";
				INFOPLIST_KEY_UISupportedInterfaceOrientations_iPhone = "UIInterfaceOrientationPortrait UIInterfaceOrientationLandscapeLeft UIInterfaceOrientationLandscapeRight";
				IPHONEOS_DEPLOYMENT_TARGET = 14.0;
				LD_RUNPATH_SEARCH_PATHS = (
					"$(inherited)",
					"@executable_path/Frameworks",
				);
				MARKETING_VERSION = 1.0;
				PRODUCT_BUNDLE_IDENTIFIER = dev.jinyongp.YoutubeCloneApp;
				PRODUCT_NAME = "$(TARGET_NAME)";
				SUPPORTED_PLATFORMS = "iphoneos iphonesimulator";
				SUPPORTS_MACCATALYST = NO;
				SUPPORTS_MAC_DESIGNED_FOR_IPHONE_IPAD = NO;
				SWIFT_EMIT_LOC_STRINGS = YES;
				SWIFT_VERSION = 5.0;
				TARGETED_DEVICE_FAMILY = "1,2";
			};
			name = Debug;
		};
		333646F12AA597CA00C37275 /* Release */ = {
			isa = XCBuildConfiguration;
			buildSettings = {
				ASSETCATALOG_COMPILER_APPICON_NAME = AppIcon;
				ASSETCATALOG_COMPILER_GLOBAL_ACCENT_COLOR_NAME = AccentColor;
				CODE_SIGN_STYLE = Automatic;
				CURRENT_PROJECT_VERSION = 1;
				DEVELOPMENT_TEAM = V94RHZNH5T;
				GENERATE_INFOPLIST_FILE = YES;
				INFOPLIST_FILE = YoutubeCloneApp/Info.plist;
				INFOPLIST_KEY_UIApplicationSupportsIndirectInputEvents = YES;
				INFOPLIST_KEY_UILaunchStoryboardName = LaunchScreen;
				INFOPLIST_KEY_UISupportedInterfaceOrientations_iPad = "UIInterfaceOrientationPortrait UIInterfaceOrientationPortraitUpsideDown UIInterfaceOrientationLandscapeLeft UIInterfaceOrientationLandscapeRight";
				INFOPLIST_KEY_UISupportedInterfaceOrientations_iPhone = "UIInterfaceOrientationPortrait UIInterfaceOrientationLandscapeLeft UIInterfaceOrientationLandscapeRight";
				IPHONEOS_DEPLOYMENT_TARGET = 14.0;
				LD_RUNPATH_SEARCH_PATHS = (
					"$(inherited)",
					"@executable_path/Frameworks",
				);
				MARKETING_VERSION = 1.0;
				PRODUCT_BUNDLE_IDENTIFIER = dev.jinyongp.YoutubeCloneApp;
				PRODUCT_NAME = "$(TARGET_NAME)";
				SUPPORTED_PLATFORMS = "iphoneos iphonesimulator";
				SUPPORTS_MACCATALYST = NO;
				SUPPORTS_MAC_DESIGNED_FOR_IPHONE_IPAD = NO;
				SWIFT_EMIT_LOC_STRINGS = YES;
				SWIFT_VERSION = 5.0;
				TARGETED_DEVICE_FAMILY = "1,2";
			};
			name = Release;
		};
/* End XCBuildConfiguration section */

/* Begin XCConfigurationList section */
		333646D62AA597C900C37275 /* Build configuration list for PBXProject "YoutubeCloneApp" */ = {
			isa = XCConfigurationList;
			buildConfigurations = (
				333646ED2AA597CA00C37275 /* Debug */,
				333646EE2AA597CA00C37275 /* Release */,
			);
			defaultConfigurationIsVisible = 0;
			defaultConfigurationName = Release;
		};
		333646EF2AA597CA00C37275 /* Build configuration list for PBXNativeTarget "YoutubeCloneApp" */ = {
			isa = XCConfigurationList;
			buildConfigurations = (
				333646F02AA597CA00C37275 /* Debug */,
				333646F12AA597CA00C37275 /* Release */,
			);
			defaultConfigurationIsVisible = 0;
			defaultConfigurationName = Release;
		};
/* End XCConfigurationList section */
	};
	rootObject = 333646D32AA597C900C37275 /* Project object */;
}
